{
  "name": "@kaiwlsn/shortlife",
  "version": "1.0.2",
  "lockfileVersion": 3,
  "requires": true,
  "packages": {
    "": {
      "name": "@kaiwlsn/shortlife",
      "version": "1.0.2",
      "license": "MIT",
      "dependencies": {
        "@effect-atom/atom-react": "^0.4.4",
        "@effect/cli": "^0.72.1",
        "@effect/platform": "^0.93.8",
        "@effect/platform-bun": "^0.86.0",
        "@formkit/tempo": "^0.1.2",
        "@opentui/core": "^0.1.61",
        "@opentui/react": "^0.1.61",
        "effect": "^3.19.14",
        "react": "^19.2.3"
      },
      "bin": {
        "shortlife": "src/main.ts"
      },
      "devDependencies": {
        "@effect/language-service": "^0.64.0",
        "@types/react": "^19.2.7",
        "bun-types": "^1.3.4",
        "typescript": "^5.9.3"
      }
    },
    "node_modules/@dimforge/rapier2d-simd-compat": {
      "version": "0.17.3",
      "license": "Apache-2.0",
      "optional": true
    },
    "node_modules/@effect-atom/atom": {
      "version": "0.4.10",
      "license": "MIT",
      "peerDependencies": {
        "@effect/experimental": "^0.57.0",
        "@effect/platform": "^0.93.0",
        "@effect/rpc": "^0.72.1",
        "effect": "^3.19.0"
      }
    },
    "node_modules/@effect-atom/atom-react": {
      "version": "0.4.4",
      "license": "MIT",
      "dependencies": {
        "@effect-atom/atom": "^0.4.10"
      },
      "peerDependencies": {
        "effect": "^3.19",
        "react": ">=18 <20",
        "scheduler": "*"
      }
    },
    "node_modules/@effect/cli": {
      "version": "0.72.1",
      "license": "MIT",
      "dependencies": {
        "ini": "^4.1.3",
        "toml": "^3.0.0",
        "yaml": "^2.5.0"
      },
      "peerDependencies": {
        "@effect/platform": "^0.93.0",
        "@effect/printer": "^0.47.0",
        "@effect/printer-ansi": "^0.47.0",
        "effect": "^3.19.3"
      }
    },
    "node_modules/@effect/cluster": {
      "version": "0.55.0",
      "license": "MIT",
      "peer": true,
      "dependencies": {
        "kubernetes-types": "^1.30.0"
      },
      "peerDependencies": {
        "@effect/platform": "^0.93.6",
        "@effect/rpc": "^0.72.2",
        "@effect/sql": "^0.48.6",
        "@effect/workflow": "^0.15.0",
        "effect": "^3.19.8"
      }
    },
    "node_modules/@effect/experimental": {
      "version": "0.57.11",
      "license": "MIT",
      "peer": true,
      "dependencies": {
        "uuid": "^11.0.3"
      },
      "peerDependencies": {
        "@effect/platform": "^0.93.6",
        "effect": "^3.19.9",
        "ioredis": "^5",
        "lmdb": "^3"
      },
      "peerDependenciesMeta": {
        "ioredis": {
          "optional": true
        },
        "lmdb": {
          "optional": true
        }
      }
    },
    "node_modules/@effect/language-service": {
      "version": "0.64.0",
      "resolved": "https://registry.npmjs.org/@effect/language-service/-/language-service-0.64.0.tgz",
      "integrity": "sha512-Ch6s0aAcrdaOWKmsXw0ys/MvYzz2DD5wf6qALnuyb8Tq1LO8livCUf2ax2cIWzPuEitRyvmIFb0byxKAYi1kcw==",
      "dev": true,
      "license": "MIT",
      "bin": {
        "effect-language-service": "cli.js"
      }
    },
    "node_modules/@effect/platform": {
      "version": "0.93.8",
      "license": "MIT",
      "peer": true,
      "dependencies": {
        "find-my-way-ts": "^0.1.6",
        "msgpackr": "^1.11.4",
        "multipasta": "^0.2.7"
      },
      "peerDependencies": {
        "effect": "^3.19.12"
      }
    },
    "node_modules/@effect/platform-bun": {
      "version": "0.86.0",
      "license": "MIT",
      "dependencies": {
        "@effect/platform-node-shared": "^0.56.0",
        "multipasta": "^0.2.7"
      },
      "peerDependencies": {
        "@effect/cluster": "^0.55.0",
        "@effect/platform": "^0.93.6",
        "@effect/rpc": "^0.72.2",
        "@effect/sql": "^0.48.6",
        "effect": "^3.19.8"
      }
    },
    "node_modules/@effect/platform-node-shared": {
      "version": "0.56.0",
      "license": "MIT",
      "dependencies": {
        "@parcel/watcher": "^2.5.1",
        "multipasta": "^0.2.7",
        "ws": "^8.18.2"
      },
      "peerDependencies": {
        "@effect/cluster": "^0.55.0",
        "@effect/platform": "^0.93.6",
        "@effect/rpc": "^0.72.2",
        "@effect/sql": "^0.48.6",
        "effect": "^3.19.8"
      }
    },
    "node_modules/@effect/printer": {
      "version": "0.47.0",
      "license": "MIT",
      "peer": true,
      "peerDependencies": {
        "@effect/typeclass": "^0.38.0",
        "effect": "^3.19.0"
      }
    },
    "node_modules/@effect/printer-ansi": {
      "version": "0.47.0",
      "license": "MIT",
      "peer": true,
      "dependencies": {
        "@effect/printer": "^0.47.0"
      },
      "peerDependencies": {
        "@effect/typeclass": "^0.38.0",
        "effect": "^3.19.0"
      }
    },
    "node_modules/@effect/rpc": {
      "version": "0.72.2",
      "license": "MIT",
      "peer": true,
      "dependencies": {
        "msgpackr": "^1.11.4"
      },
      "peerDependencies": {
        "@effect/platform": "^0.93.3",
        "effect": "^3.19.5"
      }
    },
    "node_modules/@effect/sql": {
      "version": "0.48.6",
      "license": "MIT",
      "peer": true,
      "dependencies": {
        "uuid": "^11.0.3"
      },
      "peerDependencies": {
        "@effect/experimental": "^0.57.9",
        "@effect/platform": "^0.93.6",
        "effect": "^3.19.8"
      }
    },
    "node_modules/@effect/typeclass": {
      "version": "0.38.0",
      "license": "MIT",
      "peer": true,
      "peerDependencies": {
        "effect": "^3.19.0"
      }
    },
    "node_modules/@effect/workflow": {
      "version": "0.15.2",
      "license": "MIT",
      "peer": true,
      "peerDependencies": {
        "@effect/experimental": "^0.57.11",
        "@effect/platform": "^0.93.6",
        "@effect/rpc": "^0.72.2",
        "effect": "^3.19.10"
      }
    },
    "node_modules/@formkit/tempo": {
      "version": "0.1.2",
      "license": "MIT"
    },
    "node_modules/@jimp/core": {
      "version": "1.6.0",
      "license": "MIT",
      "dependencies": {
        "@jimp/file-ops": "1.6.0",
        "@jimp/types": "1.6.0",
        "@jimp/utils": "1.6.0",
        "await-to-js": "^3.0.0",
        "exif-parser": "^0.1.12",
        "file-type": "^16.0.0",
        "mime": "3"
      },
      "engines": {
        "node": ">=18"
      }
    },
    "node_modules/@jimp/diff": {
      "version": "1.6.0",
      "license": "MIT",
      "dependencies": {
        "@jimp/plugin-resize": "1.6.0",
        "@jimp/types": "1.6.0",
        "@jimp/utils": "1.6.0",
        "pixelmatch": "^5.3.0"
      },
      "engines": {
        "node": ">=18"
      }
    },
    "node_modules/@jimp/file-ops": {
      "version": "1.6.0",
      "license": "MIT",
      "engines": {
        "node": ">=18"
      }
    },
    "node_modules/@jimp/js-bmp": {
      "version": "1.6.0",
      "license": "MIT",
      "dependencies": {
        "@jimp/core": "1.6.0",
        "@jimp/types": "1.6.0",
        "@jimp/utils": "1.6.0",
        "bmp-ts": "^1.0.9"
      },
      "engines": {
        "node": ">=18"
      }
    },
    "node_modules/@jimp/js-gif": {
      "version": "1.6.0",
      "license": "MIT",
      "dependencies": {
        "@jimp/core": "1.6.0",
        "@jimp/types": "1.6.0",
        "gifwrap": "^0.10.1",
        "omggif": "^1.0.10"
      },
      "engines": {
        "node": ">=18"
      }
    },
    "node_modules/@jimp/js-jpeg": {
      "version": "1.6.0",
      "license": "MIT",
      "dependencies": {
        "@jimp/core": "1.6.0",
        "@jimp/types": "1.6.0",
        "jpeg-js": "^0.4.4"
      },
      "engines": {
        "node": ">=18"
      }
    },
    "node_modules/@jimp/js-png": {
      "version": "1.6.0",
      "license": "MIT",
      "dependencies": {
        "@jimp/core": "1.6.0",
        "@jimp/types": "1.6.0",
        "pngjs": "^7.0.0"
      },
      "engines": {
        "node": ">=18"
      }
    },
    "node_modules/@jimp/js-tiff": {
      "version": "1.6.0",
      "license": "MIT",
      "dependencies": {
        "@jimp/core": "1.6.0",
        "@jimp/types": "1.6.0",
        "utif2": "^4.1.0"
      },
      "engines": {
        "node": ">=18"
      }
    },
    "node_modules/@jimp/plugin-blit": {
      "version": "1.6.0",
      "license": "MIT",
      "dependencies": {
        "@jimp/types": "1.6.0",
        "@jimp/utils": "1.6.0",
        "zod": "^3.23.8"
      },
      "engines": {
        "node": ">=18"
      }
    },
    "node_modules/@jimp/plugin-blur": {
      "version": "1.6.0",
      "license": "MIT",
      "dependencies": {
        "@jimp/core": "1.6.0",
        "@jimp/utils": "1.6.0"
      },
      "engines": {
        "node": ">=18"
      }
    },
    "node_modules/@jimp/plugin-circle": {
      "version": "1.6.0",
      "license": "MIT",
      "dependencies": {
        "@jimp/types": "1.6.0",
        "zod": "^3.23.8"
      },
      "engines": {
        "node": ">=18"
      }
    },
    "node_modules/@jimp/plugin-color": {
      "version": "1.6.0",
      "license": "MIT",
      "dependencies": {
        "@jimp/core": "1.6.0",
        "@jimp/types": "1.6.0",
        "@jimp/utils": "1.6.0",
        "tinycolor2": "^1.6.0",
        "zod": "^3.23.8"
      },
      "engines": {
        "node": ">=18"
      }
    },
    "node_modules/@jimp/plugin-contain": {
      "version": "1.6.0",
      "license": "MIT",
      "dependencies": {
        "@jimp/core": "1.6.0",
        "@jimp/plugin-blit": "1.6.0",
        "@jimp/plugin-resize": "1.6.0",
        "@jimp/types": "1.6.0",
        "@jimp/utils": "1.6.0",
        "zod": "^3.23.8"
      },
      "engines": {
        "node": ">=18"
      }
    },
    "node_modules/@jimp/plugin-cover": {
      "version": "1.6.0",
      "license": "MIT",
      "dependencies": {
        "@jimp/core": "1.6.0",
        "@jimp/plugin-crop": "1.6.0",
        "@jimp/plugin-resize": "1.6.0",
        "@jimp/types": "1.6.0",
        "zod": "^3.23.8"
      },
      "engines": {
        "node": ">=18"
      }
    },
    "node_modules/@jimp/plugin-crop": {
      "version": "1.6.0",
      "license": "MIT",
      "dependencies": {
        "@jimp/core": "1.6.0",
        "@jimp/types": "1.6.0",
        "@jimp/utils": "1.6.0",
        "zod": "^3.23.8"
      },
      "engines": {
        "node": ">=18"
      }
    },
    "node_modules/@jimp/plugin-displace": {
      "version": "1.6.0",
      "license": "MIT",
      "dependencies": {
        "@jimp/types": "1.6.0",
        "@jimp/utils": "1.6.0",
        "zod": "^3.23.8"
      },
      "engines": {
        "node": ">=18"
      }
    },
    "node_modules/@jimp/plugin-dither": {
      "version": "1.6.0",
      "license": "MIT",
      "dependencies": {
        "@jimp/types": "1.6.0"
      },
      "engines": {
        "node": ">=18"
      }
    },
    "node_modules/@jimp/plugin-fisheye": {
      "version": "1.6.0",
      "license": "MIT",
      "dependencies": {
        "@jimp/types": "1.6.0",
        "@jimp/utils": "1.6.0",
        "zod": "^3.23.8"
      },
      "engines": {
        "node": ">=18"
      }
    },
    "node_modules/@jimp/plugin-flip": {
      "version": "1.6.0",
      "license": "MIT",
      "dependencies": {
        "@jimp/types": "1.6.0",
        "zod": "^3.23.8"
      },
      "engines": {
        "node": ">=18"
      }
    },
    "node_modules/@jimp/plugin-hash": {
      "version": "1.6.0",
      "license": "MIT",
      "dependencies": {
        "@jimp/core": "1.6.0",
        "@jimp/js-bmp": "1.6.0",
        "@jimp/js-jpeg": "1.6.0",
        "@jimp/js-png": "1.6.0",
        "@jimp/js-tiff": "1.6.0",
        "@jimp/plugin-color": "1.6.0",
        "@jimp/plugin-resize": "1.6.0",
        "@jimp/types": "1.6.0",
        "@jimp/utils": "1.6.0",
        "any-base": "^1.1.0"
      },
      "engines": {
        "node": ">=18"
      }
    },
    "node_modules/@jimp/plugin-mask": {
      "version": "1.6.0",
      "license": "MIT",
      "dependencies": {
        "@jimp/types": "1.6.0",
        "zod": "^3.23.8"
      },
      "engines": {
        "node": ">=18"
      }
    },
    "node_modules/@jimp/plugin-print": {
      "version": "1.6.0",
      "license": "MIT",
      "dependencies": {
        "@jimp/core": "1.6.0",
        "@jimp/js-jpeg": "1.6.0",
        "@jimp/js-png": "1.6.0",
        "@jimp/plugin-blit": "1.6.0",
        "@jimp/types": "1.6.0",
        "parse-bmfont-ascii": "^1.0.6",
        "parse-bmfont-binary": "^1.0.6",
        "parse-bmfont-xml": "^1.1.6",
        "simple-xml-to-json": "^1.2.2",
        "zod": "^3.23.8"
      },
      "engines": {
        "node": ">=18"
      }
    },
    "node_modules/@jimp/plugin-quantize": {
      "version": "1.6.0",
      "license": "MIT",
      "dependencies": {
        "image-q": "^4.0.0",
        "zod": "^3.23.8"
      },
      "engines": {
        "node": ">=18"
      }
    },
    "node_modules/@jimp/plugin-resize": {
      "version": "1.6.0",
      "license": "MIT",
      "dependencies": {
        "@jimp/core": "1.6.0",
        "@jimp/types": "1.6.0",
        "zod": "^3.23.8"
      },
      "engines": {
        "node": ">=18"
      }
    },
    "node_modules/@jimp/plugin-rotate": {
      "version": "1.6.0",
      "license": "MIT",
      "dependencies": {
        "@jimp/core": "1.6.0",
        "@jimp/plugin-crop": "1.6.0",
        "@jimp/plugin-resize": "1.6.0",
        "@jimp/types": "1.6.0",
        "@jimp/utils": "1.6.0",
        "zod": "^3.23.8"
      },
      "engines": {
        "node": ">=18"
      }
    },
    "node_modules/@jimp/plugin-threshold": {
      "version": "1.6.0",
      "license": "MIT",
      "dependencies": {
        "@jimp/core": "1.6.0",
        "@jimp/plugin-color": "1.6.0",
        "@jimp/plugin-hash": "1.6.0",
        "@jimp/types": "1.6.0",
        "@jimp/utils": "1.6.0",
        "zod": "^3.23.8"
      },
      "engines": {
        "node": ">=18"
      }
    },
    "node_modules/@jimp/types": {
      "version": "1.6.0",
      "license": "MIT",
      "dependencies": {
        "zod": "^3.23.8"
      },
      "engines": {
        "node": ">=18"
      }
    },
    "node_modules/@jimp/utils": {
      "version": "1.6.0",
      "license": "MIT",
      "dependencies": {
        "@jimp/types": "1.6.0",
        "tinycolor2": "^1.6.0"
      },
      "engines": {
        "node": ">=18"
      }
    },
    "node_modules/@msgpackr-extract/msgpackr-extract-darwin-arm64": {
      "version": "3.0.3",
      "resolved": "https://registry.npmjs.org/@msgpackr-extract/msgpackr-extract-darwin-arm64/-/msgpackr-extract-darwin-arm64-3.0.3.tgz",
      "integrity": "sha512-QZHtlVgbAdy2zAqNA9Gu1UpIuI8Xvsd1v8ic6B2pZmeFnFcMWiPLfWXh7TVw4eGEZ/C9TH281KwhVoeQUKbyjw==",
      "cpu": [
        "arm64"
      ],
      "license": "MIT",
      "optional": true,
      "os": [
        "darwin"
      ]
    },
    "node_modules/@msgpackr-extract/msgpackr-extract-darwin-x64": {
      "version": "3.0.3",
      "resolved": "https://registry.npmjs.org/@msgpackr-extract/msgpackr-extract-darwin-x64/-/msgpackr-extract-darwin-x64-3.0.3.tgz",
      "integrity": "sha512-mdzd3AVzYKuUmiWOQ8GNhl64/IoFGol569zNRdkLReh6LRLHOXxU4U8eq0JwaD8iFHdVGqSy4IjFL4reoWCDFw==",
      "cpu": [
        "x64"
      ],
      "license": "MIT",
      "optional": true,
      "os": [
        "darwin"
      ]
    },
    "node_modules/@msgpackr-extract/msgpackr-extract-linux-arm": {
      "version": "3.0.3",
      "resolved": "https://registry.npmjs.org/@msgpackr-extract/msgpackr-extract-linux-arm/-/msgpackr-extract-linux-arm-3.0.3.tgz",
      "integrity": "sha512-fg0uy/dG/nZEXfYilKoRe7yALaNmHoYeIoJuJ7KJ+YyU2bvY8vPv27f7UKhGRpY6euFYqEVhxCFZgAUNQBM3nw==",
      "cpu": [
        "arm"
      ],
      "license": "MIT",
      "optional": true,
      "os": [
        "linux"
      ]
    },
    "node_modules/@msgpackr-extract/msgpackr-extract-linux-arm64": {
      "version": "3.0.3",
      "resolved": "https://registry.npmjs.org/@msgpackr-extract/msgpackr-extract-linux-arm64/-/msgpackr-extract-linux-arm64-3.0.3.tgz",
      "integrity": "sha512-YxQL+ax0XqBJDZiKimS2XQaf+2wDGVa1enVRGzEvLLVFeqa5kx2bWbtcSXgsxjQB7nRqqIGFIcLteF/sHeVtQg==",
      "cpu": [
        "arm64"
      ],
      "license": "MIT",
      "optional": true,
      "os": [
        "linux"
      ]
    },
    "node_modules/@msgpackr-extract/msgpackr-extract-linux-x64": {
      "version": "3.0.3",
      "cpu": [
        "x64"
      ],
      "license": "MIT",
      "optional": true,
      "os": [
        "linux"
      ]
    },
    "node_modules/@msgpackr-extract/msgpackr-extract-win32-x64": {
      "version": "3.0.3",
      "resolved": "https://registry.npmjs.org/@msgpackr-extract/msgpackr-extract-win32-x64/-/msgpackr-extract-win32-x64-3.0.3.tgz",
      "integrity": "sha512-x0fWaQtYp4E6sktbsdAqnehxDgEc/VwM7uLsRCYWaiGu0ykYdZPiS8zCWdnjHwyiumousxfBm4SO31eXqwEZhQ==",
      "cpu": [
        "x64"
      ],
      "license": "MIT",
      "optional": true,
      "os": [
        "win32"
      ]
    },
    "node_modules/@opentui/core": {
      "version": "0.1.61",
      "license": "MIT",
      "dependencies": {
        "bun-ffi-structs": "0.1.2",
        "diff": "8.0.2",
        "jimp": "1.6.0",
        "yoga-layout": "3.2.1"
      },
      "optionalDependencies": {
        "@dimforge/rapier2d-simd-compat": "^0.17.3",
        "@opentui/core-darwin-arm64": "0.1.61",
        "@opentui/core-darwin-x64": "0.1.61",
        "@opentui/core-linux-arm64": "0.1.61",
        "@opentui/core-linux-x64": "0.1.61",
        "@opentui/core-win32-arm64": "0.1.61",
        "@opentui/core-win32-x64": "0.1.61",
        "bun-webgpu": "0.1.4",
        "planck": "^1.4.2",
        "three": "0.177.0"
      },
      "peerDependencies": {
        "web-tree-sitter": "0.25.10"
      }
    },
    "node_modules/@opentui/core-darwin-arm64": {
      "version": "0.1.61",
      "resolved": "https://registry.npmjs.org/@opentui/core-darwin-arm64/-/core-darwin-arm64-0.1.61.tgz",
      "integrity": "sha512-zX7EK8PwBJFwsZ2tDnScLFD0GbBfHE7sqpzGDXP2luMnBZJ0OOO95a4Hzu9dQWqxEr4RgfGDT8uIRhgimKNQEg==",
      "cpu": [
        "arm64"
      ],
      "license": "MIT",
      "optional": true,
      "os": [
        "darwin"
      ]
    },
    "node_modules/@opentui/core-darwin-x64": {
      "version": "0.1.61",
      "resolved": "https://registry.npmjs.org/@opentui/core-darwin-x64/-/core-darwin-x64-0.1.61.tgz",
      "integrity": "sha512-xfvl8EnyN0XwlYpyTskVhHOpbMdgt++ntcuTh7M7IEFYQGzJux19NBwJl17mOxB1McG+KTa7kNx5/zu0VB9eVQ==",
      "cpu": [
        "x64"
      ],
      "license": "MIT",
      "optional": true,
      "os": [
        "darwin"
      ]
    },
    "node_modules/@opentui/core-linux-arm64": {
      "version": "0.1.61",
      "resolved": "https://registry.npmjs.org/@opentui/core-linux-arm64/-/core-linux-arm64-0.1.61.tgz",
      "integrity": "sha512-Ghg7j4H6bz7CLxhgDcWx3Ann3AblDIjKFUu4vFrVysuiwfmDHwdKm8awLj8tnmC/0y8juG4ODUQbR0BXBIkE+Q==",
      "cpu": [
        "arm64"
      ],
      "license": "MIT",
      "optional": true,
      "os": [
        "linux"
      ]
    },
    "node_modules/@opentui/core-linux-x64": {
      "version": "0.1.61",
      "cpu": [
        "x64"
      ],
      "license": "MIT",
      "optional": true,
      "os": [
        "linux"
      ]
    },
    "node_modules/@opentui/core-win32-arm64": {
      "version": "0.1.61",
      "resolved": "https://registry.npmjs.org/@opentui/core-win32-arm64/-/core-win32-arm64-0.1.61.tgz",
      "integrity": "sha512-2CYAEPqArJqE36LkSRAs0csRzWwVJY99S/7EuY7abBm58BIL6RUw5kSw1r75oDo4I3W6v6WwW0u8B5Ik98m0Kg==",
      "cpu": [
        "arm64"
      ],
      "license": "MIT",
      "optional": true,
      "os": [
        "win32"
      ]
    },
    "node_modules/@opentui/core-win32-x64": {
      "version": "0.1.61",
      "resolved": "https://registry.npmjs.org/@opentui/core-win32-x64/-/core-win32-x64-0.1.61.tgz",
      "integrity": "sha512-c0OK5YwcKH51Qj6wPmwTZP3X8LHA0I0dKz4fO4mOh4f+OqgU9WOG4hpbf7lv0bVlHoTvgP4zDUsjmtIVA8l6Lg==",
      "cpu": [
        "x64"
      ],
      "license": "MIT",
      "optional": true,
      "os": [
        "win32"
      ]
    },
    "node_modules/@opentui/react": {
      "version": "0.1.61",
      "license": "MIT",
      "dependencies": {
        "@opentui/core": "0.1.61",
        "react-reconciler": "^0.32.0"
      },
      "peerDependencies": {
        "react": ">=19.0.0"
      }
    },
    "node_modules/@parcel/watcher": {
      "version": "2.5.1",
      "hasInstallScript": true,
      "license": "MIT",
      "dependencies": {
        "detect-libc": "^1.0.3",
        "is-glob": "^4.0.3",
        "micromatch": "^4.0.5",
        "node-addon-api": "^7.0.0"
      },
      "engines": {
        "node": ">= 10.0.0"
      },
      "funding": {
        "type": "opencollective",
        "url": "https://opencollective.com/parcel"
      },
      "optionalDependencies": {
        "@parcel/watcher-android-arm64": "2.5.1",
        "@parcel/watcher-darwin-arm64": "2.5.1",
        "@parcel/watcher-darwin-x64": "2.5.1",
        "@parcel/watcher-freebsd-x64": "2.5.1",
        "@parcel/watcher-linux-arm-glibc": "2.5.1",
        "@parcel/watcher-linux-arm-musl": "2.5.1",
        "@parcel/watcher-linux-arm64-glibc": "2.5.1",
        "@parcel/watcher-linux-arm64-musl": "2.5.1",
        "@parcel/watcher-linux-x64-glibc": "2.5.1",
        "@parcel/watcher-linux-x64-musl": "2.5.1",
        "@parcel/watcher-win32-arm64": "2.5.1",
        "@parcel/watcher-win32-ia32": "2.5.1",
        "@parcel/watcher-win32-x64": "2.5.1"
      }
    },
    "node_modules/@parcel/watcher-android-arm64": {
      "version": "2.5.1",
      "resolved": "https://registry.npmjs.org/@parcel/watcher-android-arm64/-/watcher-android-arm64-2.5.1.tgz",
      "integrity": "sha512-KF8+j9nNbUN8vzOFDpRMsaKBHZ/mcjEjMToVMJOhTozkDonQFFrRcfdLWn6yWKCmJKmdVxSgHiYvTCef4/qcBA==",
      "cpu": [
        "arm64"
      ],
      "license": "MIT",
      "optional": true,
      "os": [
        "android"
      ],
      "engines": {
        "node": ">= 10.0.0"
      },
      "funding": {
        "type": "opencollective",
        "url": "https://opencollective.com/parcel"
      }
    },
    "node_modules/@parcel/watcher-darwin-arm64": {
      "version": "2.5.1",
      "resolved": "https://registry.npmjs.org/@parcel/watcher-darwin-arm64/-/watcher-darwin-arm64-2.5.1.tgz",
      "integrity": "sha512-eAzPv5osDmZyBhou8PoF4i6RQXAfeKL9tjb3QzYuccXFMQU0ruIc/POh30ePnaOyD1UXdlKguHBmsTs53tVoPw==",
      "cpu": [
        "arm64"
      ],
      "license": "MIT",
      "optional": true,
      "os": [
        "darwin"
      ],
      "engines": {
        "node": ">= 10.0.0"
      },
      "funding": {
        "type": "opencollective",
        "url": "https://opencollective.com/parcel"
      }
    },
    "node_modules/@parcel/watcher-darwin-x64": {
      "version": "2.5.1",
      "resolved": "https://registry.npmjs.org/@parcel/watcher-darwin-x64/-/watcher-darwin-x64-2.5.1.tgz",
      "integrity": "sha512-1ZXDthrnNmwv10A0/3AJNZ9JGlzrF82i3gNQcWOzd7nJ8aj+ILyW1MTxVk35Db0u91oD5Nlk9MBiujMlwmeXZg==",
      "cpu": [
        "x64"
      ],
      "license": "MIT",
      "optional": true,
      "os": [
        "darwin"
      ],
      "engines": {
        "node": ">= 10.0.0"
      },
      "funding": {
        "type": "opencollective",
        "url": "https://opencollective.com/parcel"
      }
    },
    "node_modules/@parcel/watcher-freebsd-x64": {
      "version": "2.5.1",
      "resolved": "https://registry.npmjs.org/@parcel/watcher-freebsd-x64/-/watcher-freebsd-x64-2.5.1.tgz",
      "integrity": "sha512-SI4eljM7Flp9yPuKi8W0ird8TI/JK6CSxju3NojVI6BjHsTyK7zxA9urjVjEKJ5MBYC+bLmMcbAWlZ+rFkLpJQ==",
      "cpu": [
        "x64"
      ],
      "license": "MIT",
      "optional": true,
      "os": [
        "freebsd"
      ],
      "engines": {
        "node": ">= 10.0.0"
      },
      "funding": {
        "type": "opencollective",
        "url": "https://opencollective.com/parcel"
      }
    },
    "node_modules/@parcel/watcher-linux-arm-glibc": {
      "version": "2.5.1",
      "resolved": "https://registry.npmjs.org/@parcel/watcher-linux-arm-glibc/-/watcher-linux-arm-glibc-2.5.1.tgz",
      "integrity": "sha512-RCdZlEyTs8geyBkkcnPWvtXLY44BCeZKmGYRtSgtwwnHR4dxfHRG3gR99XdMEdQ7KeiDdasJwwvNSF5jKtDwdA==",
      "cpu": [
        "arm"
      ],
      "license": "MIT",
      "optional": true,
      "os": [
        "linux"
      ],
      "engines": {
        "node": ">= 10.0.0"
      },
      "funding": {
        "type": "opencollective",
        "url": "https://opencollective.com/parcel"
      }
    },
    "node_modules/@parcel/watcher-linux-arm-musl": {
      "version": "2.5.1",
      "resolved": "https://registry.npmjs.org/@parcel/watcher-linux-arm-musl/-/watcher-linux-arm-musl-2.5.1.tgz",
      "integrity": "sha512-6E+m/Mm1t1yhB8X412stiKFG3XykmgdIOqhjWj+VL8oHkKABfu/gjFj8DvLrYVHSBNC+/u5PeNrujiSQ1zwd1Q==",
      "cpu": [
        "arm"
      ],
      "license": "MIT",
      "optional": true,
      "os": [
        "linux"
      ],
      "engines": {
        "node": ">= 10.0.0"
      },
      "funding": {
        "type": "opencollective",
        "url": "https://opencollective.com/parcel"
      }
    },
    "node_modules/@parcel/watcher-linux-arm64-glibc": {
      "version": "2.5.1",
      "resolved": "https://registry.npmjs.org/@parcel/watcher-linux-arm64-glibc/-/watcher-linux-arm64-glibc-2.5.1.tgz",
      "integrity": "sha512-LrGp+f02yU3BN9A+DGuY3v3bmnFUggAITBGriZHUREfNEzZh/GO06FF5u2kx8x+GBEUYfyTGamol4j3m9ANe8w==",
      "cpu": [
        "arm64"
      ],
      "license": "MIT",
      "optional": true,
      "os": [
        "linux"
      ],
      "engines": {
        "node": ">= 10.0.0"
      },
      "funding": {
        "type": "opencollective",
        "url": "https://opencollective.com/parcel"
      }
    },
    "node_modules/@parcel/watcher-linux-arm64-musl": {
      "version": "2.5.1",
      "resolved": "https://registry.npmjs.org/@parcel/watcher-linux-arm64-musl/-/watcher-linux-arm64-musl-2.5.1.tgz",
      "integrity": "sha512-cFOjABi92pMYRXS7AcQv9/M1YuKRw8SZniCDw0ssQb/noPkRzA+HBDkwmyOJYp5wXcsTrhxO0zq1U11cK9jsFg==",
      "cpu": [
        "arm64"
      ],
      "license": "MIT",
      "optional": true,
      "os": [
        "linux"
      ],
      "engines": {
        "node": ">= 10.0.0"
      },
      "funding": {
        "type": "opencollective",
        "url": "https://opencollective.com/parcel"
      }
    },
    "node_modules/@parcel/watcher-linux-x64-glibc": {
      "version": "2.5.1",
      "cpu": [
        "x64"
      ],
      "license": "MIT",
      "optional": true,
      "os": [
        "linux"
      ],
      "engines": {
        "node": ">= 10.0.0"
      },
      "funding": {
        "type": "opencollective",
        "url": "https://opencollective.com/parcel"
      }
    },
    "node_modules/@parcel/watcher-linux-x64-musl": {
      "version": "2.5.1",
      "cpu": [
        "x64"
      ],
      "license": "MIT",
      "optional": true,
      "os": [
        "linux"
      ],
      "engines": {
        "node": ">= 10.0.0"
      },
      "funding": {
        "type": "opencollective",
        "url": "https://opencollective.com/parcel"
      }
    },
    "node_modules/@parcel/watcher-win32-arm64": {
      "version": "2.5.1",
      "resolved": "https://registry.npmjs.org/@parcel/watcher-win32-arm64/-/watcher-win32-arm64-2.5.1.tgz",
      "integrity": "sha512-RFzklRvmc3PkjKjry3hLF9wD7ppR4AKcWNzH7kXR7GUe0Igb3Nz8fyPwtZCSquGrhU5HhUNDr/mKBqj7tqA2Vw==",
      "cpu": [
        "arm64"
      ],
      "license": "MIT",
      "optional": true,
      "os": [
        "win32"
      ],
      "engines": {
        "node": ">= 10.0.0"
      },
      "funding": {
        "type": "opencollective",
        "url": "https://opencollective.com/parcel"
      }
    },
    "node_modules/@parcel/watcher-win32-ia32": {
      "version": "2.5.1",
      "resolved": "https://registry.npmjs.org/@parcel/watcher-win32-ia32/-/watcher-win32-ia32-2.5.1.tgz",
      "integrity": "sha512-c2KkcVN+NJmuA7CGlaGD1qJh1cLfDnQsHjE89E60vUEMlqduHGCdCLJCID5geFVM0dOtA3ZiIO8BoEQmzQVfpQ==",
      "cpu": [
        "ia32"
      ],
      "license": "MIT",
      "optional": true,
      "os": [
        "win32"
      ],
      "engines": {
        "node": ">= 10.0.0"
      },
      "funding": {
        "type": "opencollective",
        "url": "https://opencollective.com/parcel"
      }
    },
    "node_modules/@parcel/watcher-win32-x64": {
      "version": "2.5.1",
      "resolved": "https://registry.npmjs.org/@parcel/watcher-win32-x64/-/watcher-win32-x64-2.5.1.tgz",
      "integrity": "sha512-9lHBdJITeNR++EvSQVUcaZoWupyHfXe1jZvGZ06O/5MflPcuPLtEphScIBL+AiCWBO46tDSHzWyD0uDmmZqsgA==",
      "cpu": [
        "x64"
      ],
      "license": "MIT",
      "optional": true,
      "os": [
        "win32"
      ],
      "engines": {
        "node": ">= 10.0.0"
      },
      "funding": {
        "type": "opencollective",
        "url": "https://opencollective.com/parcel"
      }
    },
    "node_modules/@standard-schema/spec": {
      "version": "1.1.0",
      "license": "MIT"
    },
    "node_modules/@tokenizer/token": {
      "version": "0.3.0",
      "license": "MIT"
    },
    "node_modules/@types/node": {
      "version": "25.0.3",
      "dev": true,
      "license": "MIT",
      "dependencies": {
        "undici-types": "~7.16.0"
      }
    },
    "node_modules/@types/react": {
      "version": "19.2.7",
      "resolved": "https://registry.npmjs.org/@types/react/-/react-19.2.7.tgz",
      "integrity": "sha512-MWtvHrGZLFttgeEj28VXHxpmwYbor/ATPYbBfSFZEIRK0ecCFLl2Qo55z52Hss+UV9CRN7trSeq1zbgx7YDWWg==",
      "dev": true,
      "license": "MIT",
      "dependencies": {
        "csstype": "^3.2.2"
      }
    },
    "node_modules/@webgpu/types": {
      "version": "0.1.68",
      "license": "BSD-3-Clause",
      "optional": true
    },
    "node_modules/abort-controller": {
      "version": "3.0.0",
      "license": "MIT",
      "dependencies": {
        "event-target-shim": "^5.0.0"
      },
      "engines": {
        "node": ">=6.5"
      }
    },
    "node_modules/any-base": {
      "version": "1.1.0",
      "license": "MIT"
    },
    "node_modules/await-to-js": {
      "version": "3.0.0",
      "license": "MIT",
      "engines": {
        "node": ">=6.0.0"
      }
    },
    "node_modules/base64-js": {
      "version": "1.5.1",
      "funding": [
        {
          "type": "github",
          "url": "https://github.com/sponsors/feross"
        },
        {
          "type": "patreon",
          "url": "https://www.patreon.com/feross"
        },
        {
          "type": "consulting",
          "url": "https://feross.org/support"
        }
      ],
      "license": "MIT"
    },
    "node_modules/bmp-ts": {
      "version": "1.0.9",
      "license": "MIT"
    },
    "node_modules/braces": {
      "version": "3.0.3",
      "license": "MIT",
      "dependencies": {
        "fill-range": "^7.1.1"
      },
      "engines": {
        "node": ">=8"
      }
    },
    "node_modules/buffer": {
      "version": "6.0.3",
      "funding": [
        {
          "type": "github",
          "url": "https://github.com/sponsors/feross"
        },
        {
          "type": "patreon",
          "url": "https://www.patreon.com/feross"
        },
        {
          "type": "consulting",
          "url": "https://feross.org/support"
        }
      ],
      "license": "MIT",
      "dependencies": {
        "base64-js": "^1.3.1",
        "ieee754": "^1.2.1"
      }
    },
    "node_modules/bun-ffi-structs": {
      "version": "0.1.2",
      "license": "MIT",
      "peerDependencies": {
        "typescript": "^5"
      }
    },
    "node_modules/bun-types": {
      "version": "1.3.4",
      "dev": true,
      "license": "MIT",
      "dependencies": {
        "@types/node": "*"
      }
    },
    "node_modules/bun-webgpu": {
      "version": "0.1.4",
      "license": "Apache-2.0",
      "optional": true,
      "dependencies": {
        "@webgpu/types": "^0.1.60"
      },
      "optionalDependencies": {
        "bun-webgpu-darwin-arm64": "^0.1.4",
        "bun-webgpu-darwin-x64": "^0.1.4",
        "bun-webgpu-linux-x64": "^0.1.4",
        "bun-webgpu-win32-x64": "^0.1.4"
      }
    },
    "node_modules/bun-webgpu-darwin-arm64": {
      "version": "0.1.4",
      "resolved": "https://registry.npmjs.org/bun-webgpu-darwin-arm64/-/bun-webgpu-darwin-arm64-0.1.4.tgz",
      "integrity": "sha512-eDgLN9teKTfmvrCqgwwmWNsNszxYs7IZdCqk0S1DCarvMhr4wcajoSBlA/nQA0/owwLduPTS8xxCnQp4/N/gDg==",
      "cpu": [
        "arm64"
      ],
      "license": "Apache-2.0",
      "optional": true,
      "os": [
        "darwin"
      ]
    },
    "node_modules/bun-webgpu-darwin-x64": {
      "version": "0.1.4",
      "resolved": "https://registry.npmjs.org/bun-webgpu-darwin-x64/-/bun-webgpu-darwin-x64-0.1.4.tgz",
      "integrity": "sha512-X+PjwJUWenUmdQBP8EtdItMyieQ6Nlpn+BH518oaouDiSnWj5+b0Y7DNDZJq7Ezom4EaxmqL/uGYZK3aCQ7CXg==",
      "cpu": [
        "x64"
      ],
      "license": "Apache-2.0",
      "optional": true,
      "os": [
        "darwin"
      ]
    },
    "node_modules/bun-webgpu-linux-x64": {
      "version": "0.1.4",
      "cpu": [
        "x64"
      ],
      "license": "Apache-2.0",
      "optional": true,
      "os": [
        "linux"
      ]
    },
    "node_modules/bun-webgpu-win32-x64": {
      "version": "0.1.4",
      "resolved": "https://registry.npmjs.org/bun-webgpu-win32-x64/-/bun-webgpu-win32-x64-0.1.4.tgz",
      "integrity": "sha512-Z5yAK28xrcm8Wb5k7TZ8FJKpOI/r+aVCRdlHYAqI2SDJFN3nD4mJs900X6kNVmG/xFzb5yOuKVYWGg+6ZXWbyA==",
      "cpu": [
        "x64"
      ],
      "license": "Apache-2.0",
      "optional": true,
      "os": [
        "win32"
      ]
    },
    "node_modules/csstype": {
      "version": "3.2.3",
      "resolved": "https://registry.npmjs.org/csstype/-/csstype-3.2.3.tgz",
      "integrity": "sha512-z1HGKcYy2xA8AGQfwrn0PAy+PB7X/GSj3UVJW9qKyn43xWa+gl5nXmU4qqLMRzWVLFC8KusUX8T/0kCiOYpAIQ==",
      "dev": true,
      "license": "MIT"
    },
    "node_modules/detect-libc": {
      "version": "1.0.3",
      "license": "Apache-2.0",
      "bin": {
        "detect-libc": "bin/detect-libc.js"
      },
      "engines": {
        "node": ">=0.10"
      }
    },
    "node_modules/diff": {
      "version": "8.0.2",
      "license": "BSD-3-Clause",
      "engines": {
        "node": ">=0.3.1"
      }
    },
    "node_modules/effect": {
      "version": "3.19.14",
      "license": "MIT",
      "peer": true,
      "dependencies": {
        "@standard-schema/spec": "^1.0.0",
        "fast-check": "^3.23.1"
      }
    },
    "node_modules/event-target-shim": {
      "version": "5.0.1",
      "license": "MIT",
      "engines": {
        "node": ">=6"
      }
    },
    "node_modules/events": {
      "version": "3.3.0",
      "license": "MIT",
      "engines": {
        "node": ">=0.8.x"
      }
    },
    "node_modules/exif-parser": {
      "version": "0.1.12"
    },
    "node_modules/fast-check": {
      "version": "3.23.2",
      "funding": [
        {
          "type": "individual",
          "url": "https://github.com/sponsors/dubzzz"
        },
        {
          "type": "opencollective",
          "url": "https://opencollective.com/fast-check"
        }
      ],
      "license": "MIT",
      "dependencies": {
        "pure-rand": "^6.1.0"
      },
      "engines": {
        "node": ">=8.0.0"
      }
    },
    "node_modules/file-type": {
      "version": "16.5.4",
      "license": "MIT",
      "dependencies": {
        "readable-web-to-node-stream": "^3.0.0",
        "strtok3": "^6.2.4",
        "token-types": "^4.1.1"
      },
      "engines": {
        "node": ">=10"
      },
      "funding": {
        "url": "https://github.com/sindresorhus/file-type?sponsor=1"
      }
    },
    "node_modules/fill-range": {
      "version": "7.1.1",
      "license": "MIT",
      "dependencies": {
        "to-regex-range": "^5.0.1"
      },
      "engines": {
        "node": ">=8"
      }
    },
    "node_modules/find-my-way-ts": {
      "version": "0.1.6",
      "license": "MIT"
    },
    "node_modules/gifwrap": {
      "version": "0.10.1",
      "license": "MIT",
      "dependencies": {
        "image-q": "^4.0.0",
        "omggif": "^1.0.10"
      }
    },
    "node_modules/ieee754": {
      "version": "1.2.1",
      "funding": [
        {
          "type": "github",
          "url": "https://github.com/sponsors/feross"
        },
        {
          "type": "patreon",
          "url": "https://www.patreon.com/feross"
        },
        {
          "type": "consulting",
          "url": "https://feross.org/support"
        }
      ],
      "license": "BSD-3-Clause"
    },
    "node_modules/image-q": {
      "version": "4.0.0",
      "license": "MIT",
      "dependencies": {
        "@types/node": "16.9.1"
      }
    },
    "node_modules/image-q/node_modules/@types/node": {
      "version": "16.9.1",
      "license": "MIT"
    },
    "node_modules/ini": {
      "version": "4.1.3",
      "license": "ISC",
      "engines": {
        "node": "^14.17.0 || ^16.13.0 || >=18.0.0"
      }
    },
    "node_modules/is-extglob": {
      "version": "2.1.1",
      "license": "MIT",
      "engines": {
        "node": ">=0.10.0"
      }
    },
    "node_modules/is-glob": {
      "version": "4.0.3",
      "license": "MIT",
      "dependencies": {
        "is-extglob": "^2.1.1"
      },
      "engines": {
        "node": ">=0.10.0"
      }
    },
    "node_modules/is-number": {
      "version": "7.0.0",
      "license": "MIT",
      "engines": {
        "node": ">=0.12.0"
      }
    },
    "node_modules/jimp": {
      "version": "1.6.0",
      "license": "MIT",
      "dependencies": {
        "@jimp/core": "1.6.0",
        "@jimp/diff": "1.6.0",
        "@jimp/js-bmp": "1.6.0",
        "@jimp/js-gif": "1.6.0",
        "@jimp/js-jpeg": "1.6.0",
        "@jimp/js-png": "1.6.0",
        "@jimp/js-tiff": "1.6.0",
        "@jimp/plugin-blit": "1.6.0",
        "@jimp/plugin-blur": "1.6.0",
        "@jimp/plugin-circle": "1.6.0",
        "@jimp/plugin-color": "1.6.0",
        "@jimp/plugin-contain": "1.6.0",
        "@jimp/plugin-cover": "1.6.0",
        "@jimp/plugin-crop": "1.6.0",
        "@jimp/plugin-displace": "1.6.0",
        "@jimp/plugin-dither": "1.6.0",
        "@jimp/plugin-fisheye": "1.6.0",
        "@jimp/plugin-flip": "1.6.0",
        "@jimp/plugin-hash": "1.6.0",
        "@jimp/plugin-mask": "1.6.0",
        "@jimp/plugin-print": "1.6.0",
        "@jimp/plugin-quantize": "1.6.0",
        "@jimp/plugin-resize": "1.6.0",
        "@jimp/plugin-rotate": "1.6.0",
        "@jimp/plugin-threshold": "1.6.0",
        "@jimp/types": "1.6.0",
        "@jimp/utils": "1.6.0"
      },
      "engines": {
        "node": ">=18"
      }
    },
    "node_modules/jpeg-js": {
      "version": "0.4.4",
      "license": "BSD-3-Clause"
    },
    "node_modules/kubernetes-types": {
      "version": "1.30.0",
      "license": "Apache-2.0"
    },
    "node_modules/micromatch": {
      "version": "4.0.8",
      "license": "MIT",
      "dependencies": {
        "braces": "^3.0.3",
        "picomatch": "^2.3.1"
      },
      "engines": {
        "node": ">=8.6"
      }
    },
    "node_modules/mime": {
      "version": "3.0.0",
      "license": "MIT",
      "bin": {
        "mime": "cli.js"
      },
      "engines": {
        "node": ">=10.0.0"
      }
    },
    "node_modules/msgpackr": {
      "version": "1.11.7",
      "license": "MIT",
      "optionalDependencies": {
        "msgpackr-extract": "^3.0.2"
      }
    },
    "node_modules/msgpackr-extract": {
      "version": "3.0.3",
      "hasInstallScript": true,
      "license": "MIT",
      "optional": true,
      "dependencies": {
        "node-gyp-build-optional-packages": "5.2.2"
      },
      "bin": {
        "download-msgpackr-prebuilds": "bin/download-prebuilds.js"
      },
      "optionalDependencies": {
        "@msgpackr-extract/msgpackr-extract-darwin-arm64": "3.0.3",
        "@msgpackr-extract/msgpackr-extract-darwin-x64": "3.0.3",
        "@msgpackr-extract/msgpackr-extract-linux-arm": "3.0.3",
        "@msgpackr-extract/msgpackr-extract-linux-arm64": "3.0.3",
        "@msgpackr-extract/msgpackr-extract-linux-x64": "3.0.3",
        "@msgpackr-extract/msgpackr-extract-win32-x64": "3.0.3"
      }
    },
    "node_modules/multipasta": {
      "version": "0.2.7",
      "license": "MIT"
    },
    "node_modules/node-addon-api": {
      "version": "7.1.1",
      "license": "MIT"
    },
    "node_modules/node-gyp-build-optional-packages": {
      "version": "5.2.2",
      "license": "MIT",
      "optional": true,
      "dependencies": {
        "detect-libc": "^2.0.1"
      },
      "bin": {
        "node-gyp-build-optional-packages": "bin.js",
        "node-gyp-build-optional-packages-optional": "optional.js",
        "node-gyp-build-optional-packages-test": "build-test.js"
      }
    },
    "node_modules/node-gyp-build-optional-packages/node_modules/detect-libc": {
      "version": "2.1.2",
      "license": "Apache-2.0",
      "optional": true,
      "engines": {
        "node": ">=8"
      }
    },
    "node_modules/omggif": {
      "version": "1.0.10",
      "license": "MIT"
    },
    "node_modules/pako": {
      "version": "1.0.11",
      "license": "(MIT AND Zlib)"
    },
    "node_modules/parse-bmfont-ascii": {
      "version": "1.0.6",
      "license": "MIT"
    },
    "node_modules/parse-bmfont-binary": {
      "version": "1.0.6",
      "license": "MIT"
    },
    "node_modules/parse-bmfont-xml": {
      "version": "1.1.6",
      "license": "MIT",
      "dependencies": {
        "xml-parse-from-string": "^1.0.0",
        "xml2js": "^0.5.0"
      }
    },
    "node_modules/peek-readable": {
      "version": "4.1.0",
      "license": "MIT",
      "engines": {
        "node": ">=8"
      },
      "funding": {
        "type": "github",
        "url": "https://github.com/sponsors/Borewit"
      }
    },
    "node_modules/picomatch": {
      "version": "2.3.1",
      "license": "MIT",
      "engines": {
        "node": ">=8.6"
      },
      "funding": {
        "url": "https://github.com/sponsors/jonschlinkert"
      }
    },
    "node_modules/pixelmatch": {
      "version": "5.3.0",
      "license": "ISC",
      "dependencies": {
        "pngjs": "^6.0.0"
      },
      "bin": {
        "pixelmatch": "bin/pixelmatch"
      }
    },
    "node_modules/pixelmatch/node_modules/pngjs": {
      "version": "6.0.0",
      "license": "MIT",
      "engines": {
        "node": ">=12.13.0"
      }
    },
    "node_modules/planck": {
      "version": "1.4.2",
      "license": "MIT",
      "optional": true,
      "engines": {
        "node": ">=14.0"
      },
      "peerDependencies": {
        "stage-js": "^1.0.0-alpha.12"
      }
    },
    "node_modules/pngjs": {
      "version": "7.0.0",
      "license": "MIT",
      "engines": {
        "node": ">=14.19.0"
      }
    },
    "node_modules/process": {
      "version": "0.11.10",
      "license": "MIT",
      "engines": {
        "node": ">= 0.6.0"
      }
    },
    "node_modules/pure-rand": {
      "version": "6.1.0",
      "funding": [
        {
          "type": "individual",
          "url": "https://github.com/sponsors/dubzzz"
        },
        {
          "type": "opencollective",
          "url": "https://opencollective.com/fast-check"
        }
      ],
      "license": "MIT"
    },
    "node_modules/react": {
      "version": "19.2.3",
      "license": "MIT",
      "peer": true,
      "engines": {
        "node": ">=0.10.0"
      }
    },
    "node_modules/react-reconciler": {
      "version": "0.32.0",
      "license": "MIT",
      "dependencies": {
        "scheduler": "^0.26.0"
      },
      "engines": {
        "node": ">=0.10.0"
      },
      "peerDependencies": {
        "react": "^19.1.0"
      }
    },
    "node_modules/readable-stream": {
      "version": "4.7.0",
      "license": "MIT",
      "dependencies": {
        "abort-controller": "^3.0.0",
        "buffer": "^6.0.3",
        "events": "^3.3.0",
        "process": "^0.11.10",
        "string_decoder": "^1.3.0"
      },
      "engines": {
        "node": "^12.22.0 || ^14.17.0 || >=16.0.0"
      }
    },
    "node_modules/readable-web-to-node-stream": {
      "version": "3.0.4",
      "license": "MIT",
      "dependencies": {
        "readable-stream": "^4.7.0"
      },
      "engines": {
        "node": ">=8"
      },
      "funding": {
        "type": "github",
        "url": "https://github.com/sponsors/Borewit"
      }
    },
    "node_modules/safe-buffer": {
      "version": "5.2.1",
      "funding": [
        {
          "type": "github",
          "url": "https://github.com/sponsors/feross"
        },
        {
          "type": "patreon",
          "url": "https://www.patreon.com/feross"
        },
        {
          "type": "consulting",
          "url": "https://feross.org/support"
        }
      ],
      "license": "MIT"
    },
    "node_modules/sax": {
      "version": "1.4.3",
      "license": "BlueOak-1.0.0"
    },
    "node_modules/scheduler": {
      "version": "0.26.0",
      "license": "MIT",
      "peer": true
    },
    "node_modules/simple-xml-to-json": {
      "version": "1.2.3",
      "license": "MIT",
      "engines": {
        "node": ">=20.12.2"
      }
    },
    "node_modules/string_decoder": {
      "version": "1.3.0",
      "license": "MIT",
      "dependencies": {
        "safe-buffer": "~5.2.0"
      }
    },
    "node_modules/strtok3": {
      "version": "6.3.0",
      "license": "MIT",
      "dependencies": {
        "@tokenizer/token": "^0.3.0",
        "peek-readable": "^4.1.0"
      },
      "engines": {
        "node": ">=10"
      },
      "funding": {
        "type": "github",
        "url": "https://github.com/sponsors/Borewit"
      }
    },
    "node_modules/three": {
      "version": "0.177.0",
      "license": "MIT",
      "optional": true
    },
    "node_modules/tinycolor2": {
      "version": "1.6.0",
      "license": "MIT"
    },
    "node_modules/to-regex-range": {
      "version": "5.0.1",
      "license": "MIT",
      "dependencies": {
        "is-number": "^7.0.0"
      },
      "engines": {
        "node": ">=8.0"
      }
    },
    "node_modules/token-types": {
      "version": "4.2.1",
      "license": "MIT",
      "dependencies": {
        "@tokenizer/token": "^0.3.0",
        "ieee754": "^1.2.1"
      },
      "engines": {
        "node": ">=10"
      },
      "funding": {
        "type": "github",
        "url": "https://github.com/sponsors/Borewit"
      }
    },
    "node_modules/toml": {
      "version": "3.0.0",
      "license": "MIT"
    },
    "node_modules/typescript": {
      "version": "5.9.3",
      "license": "Apache-2.0",
      "peer": true,
      "bin": {
        "tsc": "bin/tsc",
        "tsserver": "bin/tsserver"
      },
      "engines": {
        "node": ">=14.17"
      }
    },
    "node_modules/undici-types": {
      "version": "7.16.0",
      "dev": true,
      "license": "MIT"
    },
    "node_modules/utif2": {
      "version": "4.1.0",
      "license": "MIT",
      "dependencies": {
        "pako": "^1.0.11"
      }
    },
    "node_modules/uuid": {
      "version": "11.1.0",
      "funding": [
        "https://github.com/sponsors/broofa",
        "https://github.com/sponsors/ctavan"
      ],
      "license": "MIT",
      "bin": {
        "uuid": "dist/esm/bin/uuid"
      }
    },
    "node_modules/web-tree-sitter": {
      "version": "0.25.10",
      "license": "MIT",
      "peer": true,
      "peerDependencies": {
        "@types/emscripten": "^1.40.0"
      },
      "peerDependenciesMeta": {
        "@types/emscripten": {
          "optional": true
        }
      }
    },
    "node_modules/ws": {
      "version": "8.18.3",
      "license": "MIT",
      "engines": {
        "node": ">=10.0.0"
      },
      "peerDependencies": {
        "bufferutil": "^4.0.1",
        "utf-8-validate": ">=5.0.2"
      },
      "peerDependenciesMeta": {
        "bufferutil": {
          "optional": true
        },
        "utf-8-validate": {
          "optional": true
        }
      }
    },
    "node_modules/xml-parse-from-string": {
      "version": "1.0.1",
      "license": "MIT"
    },
    "node_modules/xml2js": {
      "version": "0.5.0",
      "license": "MIT",
      "dependencies": {
        "sax": ">=0.6.0",
        "xmlbuilder": "~11.0.0"
      },
      "engines": {
        "node": ">=4.0.0"
      }
    },
    "node_modules/xmlbuilder": {
      "version": "11.0.1",
      "license": "MIT",
      "engines": {
        "node": ">=4.0"
      }
    },
    "node_modules/yaml": {
      "version": "2.8.2",
      "license": "ISC",
      "bin": {
        "yaml": "bin.mjs"
      },
      "engines": {
        "node": ">= 14.6"
      },
      "funding": {
        "url": "https://github.com/sponsors/eemeli"
      }
    },
    "node_modules/yoga-layout": {
      "version": "3.2.1",
      "license": "MIT"
    },
    "node_modules/zod": {
      "version": "3.25.76",
      "license": "MIT",
      "funding": {
        "url": "https://github.com/sponsors/colinhacks"
      }
    }
  }
}
